
Microsoft Visual Studio Solution File, Format Version 12.00
# Visual Studio Version 16
VisualStudioVersion = 16.0.31005.135
MinimumVisualStudioVersion = 10.0.40219.1
Project("{FAE04EC0-301F-11D3-BF4B-00C04F79EFBC}") = "OrderTransfer", "OrderTransfer\OrderTransfer.csproj", "{52339A5C-5D66-47F2-B0D9-F1E5783BFF21}"
EndProject
Global
	GlobalSection(SolutionConfigurationPlatforms) = preSolution
		Debug|Any CPU = Debug|Any CPU
		Release|Any CPU = Release|Any CPU
	EndGlobalSection
	GlobalSection(ProjectConfigurationPlatforms) = postSolution
		{52339A5C-5D66-47F2-B0D9-F1E5783BFF21}.Debug|Any CPU.ActiveCfg = Debug|Any CPU
		{52339A5C-5D66-47F2-B0D9-F1E5783BFF21}.Debug|Any CPU.Build.0 = Debug|Any CPU
		{52339A5C-5D66-47F2-B0D9-F1E5783BFF21}.Release|Any CPU.ActiveCfg = Release|Any CPU
		{52339A5C-5D66-47F2-B0D9-F1E5783BFF21}.Release|Any CPU.Build.0 = Release|Any CPU
	EndGlobalSection
	GlobalSection(SolutionProperties) = preSolution
		HideSolutionNode = FALSE
	EndGlobalSection
	GlobalSection(ExtensibilityGlobals) = postSolution
		SolutionGuid = {EA8B1191-4202-45E1-904E-2E2D819815F0}
	EndGlobalSection
EndGlobal
